
Microsoft Visual Studio Solution File, Format Version 12.00
# Visual Studio Version 16
VisualStudioVersion = 16.0.30611.23
MinimumVisualStudioVersion = 10.0.40219.1
Project("{F184B08F-C81C-45F6-A57F-5ABD9991F28F}") = "My.GitHubProject.Web", "My.GitHubProject.Web\My.GitHubProject.Web.vbproj", "{E910F9BC-5A1D-4911-B60B-ED755E4E0850}"
EndProject
Global
	GlobalSection(SolutionConfigurationPlatforms) = preSolution
		Debug|Any CPU = Debug|Any CPU
		Release|Any CPU = Release|Any CPU
	EndGlobalSection
	GlobalSection(ProjectConfigurationPlatforms) = postSolution
		{E910F9BC-5A1D-4911-B60B-ED755E4E0850}.Debug|Any CPU.ActiveCfg = Debug|Any CPU
		{E910F9BC-5A1D-4911-B60B-ED755E4E0850}.Debug|Any CPU.Build.0 = Debug|Any CPU
		{E910F9BC-5A1D-4911-B60B-ED755E4E0850}.Release|Any CPU.ActiveCfg = Release|Any CPU
		{E910F9BC-5A1D-4911-B60B-ED755E4E0850}.Release|Any CPU.Build.0 = Release|Any CPU
	EndGlobalSection
	GlobalSection(SolutionProperties) = preSolution
		HideSolutionNode = FALSE
	EndGlobalSection
	GlobalSection(ExtensibilityGlobals) = postSolution
		SolutionGuid = {55908CC8-903C-423A-A21B-4AD4932E0D36}
	EndGlobalSection
EndGlobal
